
Microsoft Visual Studio Solution File, Format Version 12.00
# Visual Studio Version 17
VisualStudioVersion = 17.7.34031.279
MinimumVisualStudioVersion = 10.0.40219.1
Project("{FAE04EC0-301F-11D3-BF4B-00C04F79EFBC}") = "ConsoleAppEFwoensdag", "ConsoleAppEFwoensdag.csproj", "{A074CFD8-7CCB-49C0-BC4C-241DC0E4D6E5}"
EndProject
Project("{FAE04EC0-301F-11D3-BF4B-00C04F79EFBC}") = "ConsoleAppModel", "..\ConsoleAppModel\ConsoleAppModel.csproj", "{D4BF155A-3BDA-44AD-8A49-0AB7FD7600D3}"
EndProject
Global
	GlobalSection(SolutionConfigurationPlatforms) = preSolution
		Debug|Any CPU = Debug|Any CPU
		Release|Any CPU = Release|Any CPU
	EndGlobalSection
	GlobalSection(ProjectConfigurationPlatforms) = postSolution
		{A074CFD8-7CCB-49C0-BC4C-241DC0E4D6E5}.Debug|Any CPU.ActiveCfg = Debug|Any CPU
		{A074CFD8-7CCB-49C0-BC4C-241DC0E4D6E5}.Debug|Any CPU.Build.0 = Debug|Any CPU
		{A074CFD8-7CCB-49C0-BC4C-241DC0E4D6E5}.Release|Any CPU.ActiveCfg = Release|Any CPU
		{A074CFD8-7CCB-49C0-BC4C-241DC0E4D6E5}.Release|Any CPU.Build.0 = Release|Any CPU
		{D4BF155A-3BDA-44AD-8A49-0AB7FD7600D3}.Debug|Any CPU.ActiveCfg = Debug|Any CPU
		{D4BF155A-3BDA-44AD-8A49-0AB7FD7600D3}.Debug|Any CPU.Build.0 = Debug|Any CPU
		{D4BF155A-3BDA-44AD-8A49-0AB7FD7600D3}.Release|Any CPU.ActiveCfg = Release|Any CPU
		{D4BF155A-3BDA-44AD-8A49-0AB7FD7600D3}.Release|Any CPU.Build.0 = Release|Any CPU
	EndGlobalSection
	GlobalSection(SolutionProperties) = preSolution
		HideSolutionNode = FALSE
	EndGlobalSection
	GlobalSection(ExtensibilityGlobals) = postSolution
		SolutionGuid = {5C063D07-58B4-4EF6-8870-8E2DDFE32C54}
	EndGlobalSection
EndGlobal
